
Microsoft Visual Studio Solution File, Format Version 12.00
# Visual Studio Version 16
VisualStudioVersion = 16.0.30011.22
MinimumVisualStudioVersion = 10.0.40219.1
Project("{FAE04EC0-301F-11D3-BF4B-00C04F79EFBC}") = "MqttHomeClient", "MqttHomeClient\MqttHomeClient.csproj", "{382EF7D6-D861-4BA6-B006-C60997535364}"
EndProject
Global
	GlobalSection(SolutionConfigurationPlatforms) = preSolution
		Debug|Any CPU = Debug|Any CPU
		Release|Any CPU = Release|Any CPU
	EndGlobalSection
	GlobalSection(ProjectConfigurationPlatforms) = postSolution
		{382EF7D6-D861-4BA6-B006-C60997535364}.Debug|Any CPU.ActiveCfg = Debug|Any CPU
		{382EF7D6-D861-4BA6-B006-C60997535364}.Debug|Any CPU.Build.0 = Debug|Any CPU
		{382EF7D6-D861-4BA6-B006-C60997535364}.Release|Any CPU.ActiveCfg = Release|Any CPU
		{382EF7D6-D861-4BA6-B006-C60997535364}.Release|Any CPU.Build.0 = Release|Any CPU
	EndGlobalSection
	GlobalSection(SolutionProperties) = preSolution
		HideSolutionNode = FALSE
	EndGlobalSection
	GlobalSection(ExtensibilityGlobals) = postSolution
		SolutionGuid = {7CE0BE13-34AD-425C-A776-B471B69F7364}
	EndGlobalSection
EndGlobal
