
Microsoft Visual Studio Solution File, Format Version 12.00
# Visual Studio Version 16
VisualStudioVersion = 16.0.30011.22
MinimumVisualStudioVersion = 10.0.40219.1
Project("{9A19103F-16F7-4668-BE54-9A1E7A4F7556}") = "MqttHomeClient", "MqttHomeClient\MqttHomeClient.csproj", "{382EF7D6-D861-4BA6-B006-C60997535364}"
EndProject
Project("{9A19103F-16F7-4668-BE54-9A1E7A4F7556}") = "PluginInterface", "PluginInterface\PluginInterface.csproj", "{58AB9C2C-5E87-4874-B343-4F25180F5054}"
EndProject
Project("{9A19103F-16F7-4668-BE54-9A1E7A4F7556}") = "WakeOnLAN", "WakeOnLAN\WakeOnLAN.csproj", "{FBD7E6B0-342A-4252-A141-7515A3108DFE}"
EndProject
Project("{FAE04EC0-301F-11D3-BF4B-00C04F79EFBC}") = "PostTracking", "PostTracking\PostTracking.csproj", "{901F911D-9B83-45CC-AFD6-F398428250C8}"
EndProject
Global
	GlobalSection(SolutionConfigurationPlatforms) = preSolution
		Debug|Any CPU = Debug|Any CPU
		Release|Any CPU = Release|Any CPU
	EndGlobalSection
	GlobalSection(ProjectConfigurationPlatforms) = postSolution
		{382EF7D6-D861-4BA6-B006-C60997535364}.Debug|Any CPU.ActiveCfg = Debug|Any CPU
		{382EF7D6-D861-4BA6-B006-C60997535364}.Debug|Any CPU.Build.0 = Debug|Any CPU
		{382EF7D6-D861-4BA6-B006-C60997535364}.Release|Any CPU.ActiveCfg = Release|Any CPU
		{382EF7D6-D861-4BA6-B006-C60997535364}.Release|Any CPU.Build.0 = Release|Any CPU
		{58AB9C2C-5E87-4874-B343-4F25180F5054}.Debug|Any CPU.ActiveCfg = Debug|Any CPU
		{58AB9C2C-5E87-4874-B343-4F25180F5054}.Debug|Any CPU.Build.0 = Debug|Any CPU
		{58AB9C2C-5E87-4874-B343-4F25180F5054}.Release|Any CPU.ActiveCfg = Release|Any CPU
		{58AB9C2C-5E87-4874-B343-4F25180F5054}.Release|Any CPU.Build.0 = Release|Any CPU
		{FBD7E6B0-342A-4252-A141-7515A3108DFE}.Debug|Any CPU.ActiveCfg = Debug|Any CPU
		{FBD7E6B0-342A-4252-A141-7515A3108DFE}.Debug|Any CPU.Build.0 = Debug|Any CPU
		{FBD7E6B0-342A-4252-A141-7515A3108DFE}.Release|Any CPU.ActiveCfg = Release|Any CPU
		{FBD7E6B0-342A-4252-A141-7515A3108DFE}.Release|Any CPU.Build.0 = Release|Any CPU
		{901F911D-9B83-45CC-AFD6-F398428250C8}.Debug|Any CPU.ActiveCfg = Debug|Any CPU
		{901F911D-9B83-45CC-AFD6-F398428250C8}.Debug|Any CPU.Build.0 = Debug|Any CPU
		{901F911D-9B83-45CC-AFD6-F398428250C8}.Release|Any CPU.ActiveCfg = Release|Any CPU
		{901F911D-9B83-45CC-AFD6-F398428250C8}.Release|Any CPU.Build.0 = Release|Any CPU
	EndGlobalSection
	GlobalSection(SolutionProperties) = preSolution
		HideSolutionNode = FALSE
	EndGlobalSection
	GlobalSection(ExtensibilityGlobals) = postSolution
		SolutionGuid = {7CE0BE13-34AD-425C-A776-B471B69F7364}
	EndGlobalSection
EndGlobal
